// !$*UTF8*$!
{
	archiveVersion = 1;
	classes = {
	};
	objectVersion = 46;
	objects = {

/* Begin PBXBuildFile section */
		3D2529CA1C5D5C7F0022BB08 /* Bolts.framework in Frameworks */ = {isa = PBXBuildFile; fileRef = 3D2529C71C5D5C7F0022BB08 /* Bolts.framework */; };
		3D2529CB1C5D5C7F0022BB08 /* FBSDKCoreKit.framework in Frameworks */ = {isa = PBXBuildFile; fileRef = 3D2529C81C5D5C7F0022BB08 /* FBSDKCoreKit.framework */; };
		3D2529CC1C5D5C7F0022BB08 /* FBSDKLoginKit.framework in Frameworks */ = {isa = PBXBuildFile; fileRef = 3D2529C91C5D5C7F0022BB08 /* FBSDKLoginKit.framework */; };
		3D2529CE1C5D8A1C0022BB08 /* StudentTableViewController.swift in Sources */ = {isa = PBXBuildFile; fileRef = 3D2529CD1C5D8A1C0022BB08 /* StudentTableViewController.swift */; };
		3D3002351C42C4FB00B7A408 /* MapViewController.swift in Sources */ = {isa = PBXBuildFile; fileRef = 3D3002341C42C4FB00B7A408 /* MapViewController.swift */; };
		3D3002381C42C68900B7A408 /* StudentInformation.swift in Sources */ = {isa = PBXBuildFile; fileRef = 3D3002371C42C68900B7A408 /* StudentInformation.swift */; };
		3D6C4CA91C79211C0000F851 /* InformationPostingViewController.swift in Sources */ = {isa = PBXBuildFile; fileRef = 3D6C4CA81C79211C0000F851 /* InformationPostingViewController.swift */; };
		3D6F0D5D1C7A05F100CD14C3 /* MapKit.framework in Frameworks */ = {isa = PBXBuildFile; fileRef = 3D6F0D5C1C7A05F100CD14C3 /* MapKit.framework */; };
		3D9B9C611C41BE68002E2B09 /* AppDelegate.swift in Sources */ = {isa = PBXBuildFile; fileRef = 3D9B9C601C41BE68002E2B09 /* AppDelegate.swift */; };
		3D9B9C661C41BE68002E2B09 /* Main.storyboard in Resources */ = {isa = PBXBuildFile; fileRef = 3D9B9C641C41BE68002E2B09 /* Main.storyboard */; };
		3D9B9C681C41BE68002E2B09 /* Assets.xcassets in Resources */ = {isa = PBXBuildFile; fileRef = 3D9B9C671C41BE68002E2B09 /* Assets.xcassets */; };
		3D9B9C6B1C41BE68002E2B09 /* LaunchScreen.storyboard in Resources */ = {isa = PBXBuildFile; fileRef = 3D9B9C691C41BE68002E2B09 /* LaunchScreen.storyboard */; };
		3D9B9C761C41BE68002E2B09 /* OnTheMapTests.swift in Sources */ = {isa = PBXBuildFile; fileRef = 3D9B9C751C41BE68002E2B09 /* OnTheMapTests.swift */; };
		3D9B9C811C41BE68002E2B09 /* OnTheMapUITests.swift in Sources */ = {isa = PBXBuildFile; fileRef = 3D9B9C801C41BE68002E2B09 /* OnTheMapUITests.swift */; };
		3DAEAD321C554CD700B53C7F /* UdacityClient.swift in Sources */ = {isa = PBXBuildFile; fileRef = 3DAEAD311C554CD700B53C7F /* UdacityClient.swift */; };
		3DAEAD341C554CE900B53C7F /* UdacityConstants.swift in Sources */ = {isa = PBXBuildFile; fileRef = 3DAEAD331C554CE900B53C7F /* UdacityConstants.swift */; };
		3DAEAD361C554D0000B53C7F /* UdacityConvenience.swift in Sources */ = {isa = PBXBuildFile; fileRef = 3DAEAD351C554D0000B53C7F /* UdacityConvenience.swift */; };
		3DAEAD381C554D1500B53C7F /* ParseClient.swift in Sources */ = {isa = PBXBuildFile; fileRef = 3DAEAD371C554D1500B53C7F /* ParseClient.swift */; };
		3DAEAD3A1C554D2300B53C7F /* ParseConstants.swift in Sources */ = {isa = PBXBuildFile; fileRef = 3DAEAD391C554D2300B53C7F /* ParseConstants.swift */; };
		3DAEAD3D1C554D4200B53C7F /* ParseConvenience.swift in Sources */ = {isa = PBXBuildFile; fileRef = 3DAEAD3C1C554D4200B53C7F /* ParseConvenience.swift */; };
		3DAEAD3F1C5579CE00B53C7F /* LoginViewController.swift in Sources */ = {isa = PBXBuildFile; fileRef = 3DAEAD3E1C5579CE00B53C7F /* LoginViewController.swift */; };
/* End PBXBuildFile section */

/* Begin PBXContainerItemProxy section */
		3D9B9C721C41BE68002E2B09 /* PBXContainerItemProxy */ = {
			isa = PBXContainerItemProxy;
			containerPortal = 3D9B9C551C41BE68002E2B09 /* Project object */;
			proxyType = 1;
			remoteGlobalIDString = 3D9B9C5C1C41BE68002E2B09;
			remoteInfo = OnTheMap;
		};
		3D9B9C7D1C41BE68002E2B09 /* PBXContainerItemProxy */ = {
			isa = PBXContainerItemProxy;
			containerPortal = 3D9B9C551C41BE68002E2B09 /* Project object */;
			proxyType = 1;
			remoteGlobalIDString = 3D9B9C5C1C41BE68002E2B09;
			remoteInfo = OnTheMap;
		};
/* End PBXContainerItemProxy section */

/* Begin PBXFileReference section */
		3D2529C71C5D5C7F0022BB08 /* Bolts.framework */ = {isa = PBXFileReference; lastKnownFileType = wrapper.framework; name = Bolts.framework; path = OnTheMap/Bolts.framework; sourceTree = "<group>"; };
		3D2529C81C5D5C7F0022BB08 /* FBSDKCoreKit.framework */ = {isa = PBXFileReference; lastKnownFileType = wrapper.framework; name = FBSDKCoreKit.framework; path = OnTheMap/FBSDKCoreKit.framework; sourceTree = "<group>"; };
		3D2529C91C5D5C7F0022BB08 /* FBSDKLoginKit.framework */ = {isa = PBXFileReference; lastKnownFileType = wrapper.framework; name = FBSDKLoginKit.framework; path = OnTheMap/FBSDKLoginKit.framework; sourceTree = "<group>"; };
		3D2529CD1C5D8A1C0022BB08 /* StudentTableViewController.swift */ = {isa = PBXFileReference; fileEncoding = 4; lastKnownFileType = sourcecode.swift; path = StudentTableViewController.swift; sourceTree = "<group>"; };
		3D3002341C42C4FB00B7A408 /* MapViewController.swift */ = {isa = PBXFileReference; fileEncoding = 4; lastKnownFileType = sourcecode.swift; path = MapViewController.swift; sourceTree = "<group>"; };
		3D3002371C42C68900B7A408 /* StudentInformation.swift */ = {isa = PBXFileReference; fileEncoding = 4; lastKnownFileType = sourcecode.swift; path = StudentInformation.swift; sourceTree = "<group>"; };
		3D6C4CA81C79211C0000F851 /* InformationPostingViewController.swift */ = {isa = PBXFileReference; fileEncoding = 4; lastKnownFileType = sourcecode.swift; path = InformationPostingViewController.swift; sourceTree = "<group>"; };
		3D6F0D5C1C7A05F100CD14C3 /* MapKit.framework */ = {isa = PBXFileReference; lastKnownFileType = wrapper.framework; name = MapKit.framework; path = System/Library/Frameworks/MapKit.framework; sourceTree = SDKROOT; };
		3D9B9C5D1C41BE68002E2B09 /* OnTheMap.app */ = {isa = PBXFileReference; explicitFileType = wrapper.application; includeInIndex = 0; path = OnTheMap.app; sourceTree = BUILT_PRODUCTS_DIR; };
		3D9B9C601C41BE68002E2B09 /* AppDelegate.swift */ = {isa = PBXFileReference; lastKnownFileType = sourcecode.swift; path = AppDelegate.swift; sourceTree = "<group>"; };
		3D9B9C651C41BE68002E2B09 /* Base */ = {isa = PBXFileReference; lastKnownFileType = file.storyboard; name = Base; path = Base.lproj/Main.storyboard; sourceTree = "<group>"; };
		3D9B9C671C41BE68002E2B09 /* Assets.xcassets */ = {isa = PBXFileReference; lastKnownFileType = folder.assetcatalog; path = Assets.xcassets; sourceTree = "<group>"; };
		3D9B9C6A1C41BE68002E2B09 /* Base */ = {isa = PBXFileReference; lastKnownFileType = file.storyboard; name = Base; path = Base.lproj/LaunchScreen.storyboard; sourceTree = "<group>"; };
		3D9B9C6C1C41BE68002E2B09 /* Info.plist */ = {isa = PBXFileReference; lastKnownFileType = text.plist.xml; path = Info.plist; sourceTree = "<group>"; };
		3D9B9C711C41BE68002E2B09 /* OnTheMapTests.xctest */ = {isa = PBXFileReference; explicitFileType = wrapper.cfbundle; includeInIndex = 0; path = OnTheMapTests.xctest; sourceTree = BUILT_PRODUCTS_DIR; };
		3D9B9C751C41BE68002E2B09 /* OnTheMapTests.swift */ = {isa = PBXFileReference; lastKnownFileType = sourcecode.swift; path = OnTheMapTests.swift; sourceTree = "<group>"; };
		3D9B9C771C41BE68002E2B09 /* Info.plist */ = {isa = PBXFileReference; lastKnownFileType = text.plist.xml; path = Info.plist; sourceTree = "<group>"; };
		3D9B9C7C1C41BE68002E2B09 /* OnTheMapUITests.xctest */ = {isa = PBXFileReference; explicitFileType = wrapper.cfbundle; includeInIndex = 0; path = OnTheMapUITests.xctest; sourceTree = BUILT_PRODUCTS_DIR; };
		3D9B9C801C41BE68002E2B09 /* OnTheMapUITests.swift */ = {isa = PBXFileReference; lastKnownFileType = sourcecode.swift; path = OnTheMapUITests.swift; sourceTree = "<group>"; };
		3D9B9C821C41BE68002E2B09 /* Info.plist */ = {isa = PBXFileReference; lastKnownFileType = text.plist.xml; path = Info.plist; sourceTree = "<group>"; };
		3DAEAD311C554CD700B53C7F /* UdacityClient.swift */ = {isa = PBXFileReference; fileEncoding = 4; lastKnownFileType = sourcecode.swift; path = UdacityClient.swift; sourceTree = "<group>"; };
		3DAEAD331C554CE900B53C7F /* UdacityConstants.swift */ = {isa = PBXFileReference; fileEncoding = 4; lastKnownFileType = sourcecode.swift; path = UdacityConstants.swift; sourceTree = "<group>"; };
		3DAEAD351C554D0000B53C7F /* UdacityConvenience.swift */ = {isa = PBXFileReference; fileEncoding = 4; lastKnownFileType = sourcecode.swift; path = UdacityConvenience.swift; sourceTree = "<group>"; };
		3DAEAD371C554D1500B53C7F /* ParseClient.swift */ = {isa = PBXFileReference; fileEncoding = 4; lastKnownFileType = sourcecode.swift; path = ParseClient.swift; sourceTree = "<group>"; };
		3DAEAD391C554D2300B53C7F /* ParseConstants.swift */ = {isa = PBXFileReference; fileEncoding = 4; lastKnownFileType = sourcecode.swift; path = ParseConstants.swift; sourceTree = "<group>"; };
		3DAEAD3C1C554D4200B53C7F /* ParseConvenience.swift */ = {isa = PBXFileReference; fileEncoding = 4; lastKnownFileType = sourcecode.swift; path = ParseConvenience.swift; sourceTree = "<group>"; };
		3DAEAD3E1C5579CE00B53C7F /* LoginViewController.swift */ = {isa = PBXFileReference; fileEncoding = 4; lastKnownFileType = sourcecode.swift; path = LoginViewController.swift; sourceTree = "<group>"; };
/* End PBXFileReference section */

/* Begin PBXFrameworksBuildPhase section */
		3D9B9C5A1C41BE68002E2B09 /* Frameworks */ = {
			isa = PBXFrameworksBuildPhase;
			buildActionMask = 2147483647;
			files = (
				3D2529CA1C5D5C7F0022BB08 /* Bolts.framework in Frameworks */,
				3D2529CB1C5D5C7F0022BB08 /* FBSDKCoreKit.framework in Frameworks */,
				3D6F0D5D1C7A05F100CD14C3 /* MapKit.framework in Frameworks */,
				3D2529CC1C5D5C7F0022BB08 /* FBSDKLoginKit.framework in Frameworks */,
			);
			runOnlyForDeploymentPostprocessing = 0;
		};
		3D9B9C6E1C41BE68002E2B09 /* Frameworks */ = {
			isa = PBXFrameworksBuildPhase;
			buildActionMask = 2147483647;
			files = (
			);
			runOnlyForDeploymentPostprocessing = 0;
		};
		3D9B9C791C41BE68002E2B09 /* Frameworks */ = {
			isa = PBXFrameworksBuildPhase;
			buildActionMask = 2147483647;
			files = (
			);
			runOnlyForDeploymentPostprocessing = 0;
		};
/* End PBXFrameworksBuildPhase section */

/* Begin PBXGroup section */
		3D3002361C42C66800B7A408 /* Model */ = {
			isa = PBXGroup;
			children = (
				3D9B9C601C41BE68002E2B09 /* AppDelegate.swift */,
				3D3002371C42C68900B7A408 /* StudentInformation.swift */,
			);
			name = Model;
			sourceTree = "<group>";
		};
		3D9B9C541C41BE68002E2B09 = {
			isa = PBXGroup;
			children = (
				3D6F0D5C1C7A05F100CD14C3 /* MapKit.framework */,
				3D2529C71C5D5C7F0022BB08 /* Bolts.framework */,
				3D2529C81C5D5C7F0022BB08 /* FBSDKCoreKit.framework */,
				3D2529C91C5D5C7F0022BB08 /* FBSDKLoginKit.framework */,
				3D9B9C5F1C41BE68002E2B09 /* OnTheMap */,
				3D9B9C741C41BE68002E2B09 /* OnTheMapTests */,
				3D9B9C7F1C41BE68002E2B09 /* OnTheMapUITests */,
				3D9B9C5E1C41BE68002E2B09 /* Products */,
			);
			sourceTree = "<group>";
		};
		3D9B9C5E1C41BE68002E2B09 /* Products */ = {
			isa = PBXGroup;
			children = (
				3D9B9C5D1C41BE68002E2B09 /* OnTheMap.app */,
				3D9B9C711C41BE68002E2B09 /* OnTheMapTests.xctest */,
				3D9B9C7C1C41BE68002E2B09 /* OnTheMapUITests.xctest */,
			);
			name = Products;
			sourceTree = "<group>";
		};
		3D9B9C5F1C41BE68002E2B09 /* OnTheMap */ = {
			isa = PBXGroup;
			children = (
				3DAEAD301C554C6200B53C7F /* Clients */,
				3DAEAD2F1C554C4F00B53C7F /* View */,
				3DAEAD2E1C554B5300B53C7F /* Controllers */,
				3D3002361C42C66800B7A408 /* Model */,
				3D9B9C691C41BE68002E2B09 /* LaunchScreen.storyboard */,
				3D9B9C6C1C41BE68002E2B09 /* Info.plist */,
			);
			path = OnTheMap;
			sourceTree = "<group>";
		};
		3D9B9C741C41BE68002E2B09 /* OnTheMapTests */ = {
			isa = PBXGroup;
			children = (
				3D9B9C751C41BE68002E2B09 /* OnTheMapTests.swift */,
				3D9B9C771C41BE68002E2B09 /* Info.plist */,
			);
			path = OnTheMapTests;
			sourceTree = "<group>";
		};
		3D9B9C7F1C41BE68002E2B09 /* OnTheMapUITests */ = {
			isa = PBXGroup;
			children = (
				3D9B9C801C41BE68002E2B09 /* OnTheMapUITests.swift */,
				3D9B9C821C41BE68002E2B09 /* Info.plist */,
			);
			path = OnTheMapUITests;
			sourceTree = "<group>";
		};
		3DAEAD2E1C554B5300B53C7F /* Controllers */ = {
			isa = PBXGroup;
			children = (
				3D3002341C42C4FB00B7A408 /* MapViewController.swift */,
				3D6C4CA81C79211C0000F851 /* InformationPostingViewController.swift */,
				3DAEAD3E1C5579CE00B53C7F /* LoginViewController.swift */,
				3D2529CD1C5D8A1C0022BB08 /* StudentTableViewController.swift */,
			);
			name = Controllers;
			sourceTree = "<group>";
		};
		3DAEAD2F1C554C4F00B53C7F /* View */ = {
			isa = PBXGroup;
			children = (
				3D9B9C671C41BE68002E2B09 /* Assets.xcassets */,
				3D9B9C641C41BE68002E2B09 /* Main.storyboard */,
			);
			name = View;
			sourceTree = "<group>";
		};
		3DAEAD301C554C6200B53C7F /* Clients */ = {
			isa = PBXGroup;
			children = (
				3DAEAD311C554CD700B53C7F /* UdacityClient.swift */,
				3DAEAD331C554CE900B53C7F /* UdacityConstants.swift */,
				3DAEAD351C554D0000B53C7F /* UdacityConvenience.swift */,
				3DAEAD371C554D1500B53C7F /* ParseClient.swift */,
				3DAEAD391C554D2300B53C7F /* ParseConstants.swift */,
				3DAEAD3C1C554D4200B53C7F /* ParseConvenience.swift */,
			);
			name = Clients;
			sourceTree = "<group>";
		};
/* End PBXGroup section */

/* Begin PBXNativeTarget section */
		3D9B9C5C1C41BE68002E2B09 /* OnTheMap */ = {
			isa = PBXNativeTarget;
			buildConfigurationList = 3D9B9C851C41BE68002E2B09 /* Build configuration list for PBXNativeTarget "OnTheMap" */;
			buildPhases = (
				3D9B9C591C41BE68002E2B09 /* Sources */,
				3D9B9C5A1C41BE68002E2B09 /* Frameworks */,
				3D9B9C5B1C41BE68002E2B09 /* Resources */,
			);
			buildRules = (
			);
			dependencies = (
			);
			name = OnTheMap;
			productName = OnTheMap;
			productReference = 3D9B9C5D1C41BE68002E2B09 /* OnTheMap.app */;
			productType = "com.apple.product-type.application";
		};
		3D9B9C701C41BE68002E2B09 /* OnTheMapTests */ = {
			isa = PBXNativeTarget;
			buildConfigurationList = 3D9B9C881C41BE68002E2B09 /* Build configuration list for PBXNativeTarget "OnTheMapTests" */;
			buildPhases = (
				3D9B9C6D1C41BE68002E2B09 /* Sources */,
				3D9B9C6E1C41BE68002E2B09 /* Frameworks */,
				3D9B9C6F1C41BE68002E2B09 /* Resources */,
			);
			buildRules = (
			);
			dependencies = (
				3D9B9C731C41BE68002E2B09 /* PBXTargetDependency */,
			);
			name = OnTheMapTests;
			productName = OnTheMapTests;
			productReference = 3D9B9C711C41BE68002E2B09 /* OnTheMapTests.xctest */;
			productType = "com.apple.product-type.bundle.unit-test";
		};
		3D9B9C7B1C41BE68002E2B09 /* OnTheMapUITests */ = {
			isa = PBXNativeTarget;
			buildConfigurationList = 3D9B9C8B1C41BE68002E2B09 /* Build configuration list for PBXNativeTarget "OnTheMapUITests" */;
			buildPhases = (
				3D9B9C781C41BE68002E2B09 /* Sources */,
				3D9B9C791C41BE68002E2B09 /* Frameworks */,
				3D9B9C7A1C41BE68002E2B09 /* Resources */,
			);
			buildRules = (
			);
			dependencies = (
				3D9B9C7E1C41BE68002E2B09 /* PBXTargetDependency */,
			);
			name = OnTheMapUITests;
			productName = OnTheMapUITests;
			productReference = 3D9B9C7C1C41BE68002E2B09 /* OnTheMapUITests.xctest */;
			productType = "com.apple.product-type.bundle.ui-testing";
		};
/* End PBXNativeTarget section */

/* Begin PBXProject section */
		3D9B9C551C41BE68002E2B09 /* Project object */ = {
			isa = PBXProject;
			attributes = {
				LastSwiftUpdateCheck = 0720;
				LastUpgradeCheck = 0720;
				ORGANIZATIONNAME = "Gaston Gasquet";
				TargetAttributes = {
					3D9B9C5C1C41BE68002E2B09 = {
						CreatedOnToolsVersion = 7.2;
						DevelopmentTeam = UA384SMKXM;
						SystemCapabilities = {
							com.apple.Maps.iOS = {
								enabled = 1;
							};
						};
					};
					3D9B9C701C41BE68002E2B09 = {
						CreatedOnToolsVersion = 7.2;
						DevelopmentTeam = UA384SMKXM;
						TestTargetID = 3D9B9C5C1C41BE68002E2B09;
					};
					3D9B9C7B1C41BE68002E2B09 = {
						CreatedOnToolsVersion = 7.2;
						DevelopmentTeam = UA384SMKXM;
						TestTargetID = 3D9B9C5C1C41BE68002E2B09;
					};
				};
			};
			buildConfigurationList = 3D9B9C581C41BE68002E2B09 /* Build configuration list for PBXProject "OnTheMap" */;
			compatibilityVersion = "Xcode 3.2";
			developmentRegion = English;
			hasScannedForEncodings = 0;
			knownRegions = (
				en,
				Base,
			);
			mainGroup = 3D9B9C541C41BE68002E2B09;
			productRefGroup = 3D9B9C5E1C41BE68002E2B09 /* Products */;
			projectDirPath = "";
			projectRoot = "";
			targets = (
				3D9B9C5C1C41BE68002E2B09 /* OnTheMap */,
				3D9B9C701C41BE68002E2B09 /* OnTheMapTests */,
				3D9B9C7B1C41BE68002E2B09 /* OnTheMapUITests */,
			);
		};
/* End PBXProject section */

/* Begin PBXResourcesBuildPhase section */
		3D9B9C5B1C41BE68002E2B09 /* Resources */ = {
			isa = PBXResourcesBuildPhase;
			buildActionMask = 2147483647;
			files = (
				3D9B9C6B1C41BE68002E2B09 /* LaunchScreen.storyboard in Resources */,
				3D9B9C681C41BE68002E2B09 /* Assets.xcassets in Resources */,
				3D9B9C661C41BE68002E2B09 /* Main.storyboard in Resources */,
			);
			runOnlyForDeploymentPostprocessing = 0;
		};
		3D9B9C6F1C41BE68002E2B09 /* Resources */ = {
			isa = PBXResourcesBuildPhase;
			buildActionMask = 2147483647;
			files = (
			);
			runOnlyForDeploymentPostprocessing = 0;
		};
		3D9B9C7A1C41BE68002E2B09 /* Resources */ = {
			isa = PBXResourcesBuildPhase;
			buildActionMask = 2147483647;
			files = (
			);
			runOnlyForDeploymentPostprocessing = 0;
		};
/* End PBXResourcesBuildPhase section */

/* Begin PBXSourcesBuildPhase section */
		3D9B9C591C41BE68002E2B09 /* Sources */ = {
			isa = PBXSourcesBuildPhase;
			buildActionMask = 2147483647;
			files = (
				3DAEAD321C554CD700B53C7F /* UdacityClient.swift in Sources */,
				3DAEAD341C554CE900B53C7F /* UdacityConstants.swift in Sources */,
				3DAEAD381C554D1500B53C7F /* ParseClient.swift in Sources */,
				3D9B9C611C41BE68002E2B09 /* AppDelegate.swift in Sources */,
				3D3002381C42C68900B7A408 /* StudentInformation.swift in Sources */,
				3D3002351C42C4FB00B7A408 /* MapViewController.swift in Sources */,
				3D6C4CA91C79211C0000F851 /* InformationPostingViewController.swift in Sources */,
				3DAEAD361C554D0000B53C7F /* UdacityConvenience.swift in Sources */,
				3DAEAD3D1C554D4200B53C7F /* ParseConvenience.swift in Sources */,
				3DAEAD3F1C5579CE00B53C7F /* LoginViewController.swift in Sources */,
				3DAEAD3A1C554D2300B53C7F /* ParseConstants.swift in Sources */,
				3D2529CE1C5D8A1C0022BB08 /* StudentTableViewController.swift in Sources */,
			);
			runOnlyForDeploymentPostprocessing = 0;
		};
		3D9B9C6D1C41BE68002E2B09 /* Sources */ = {
			isa = PBXSourcesBuildPhase;
			buildActionMask = 2147483647;
			files = (
				3D9B9C761C41BE68002E2B09 /* OnTheMapTests.swift in Sources */,
			);
			runOnlyForDeploymentPostprocessing = 0;
		};
		3D9B9C781C41BE68002E2B09 /* Sources */ = {
			isa = PBXSourcesBuildPhase;
			buildActionMask = 2147483647;
			files = (
				3D9B9C811C41BE68002E2B09 /* OnTheMapUITests.swift in Sources */,
			);
			runOnlyForDeploymentPostprocessing = 0;
		};
/* End PBXSourcesBuildPhase section */

/* Begin PBXTargetDependency section */
		3D9B9C731C41BE68002E2B09 /* PBXTargetDependency */ = {
			isa = PBXTargetDependency;
			target = 3D9B9C5C1C41BE68002E2B09 /* OnTheMap */;
			targetProxy = 3D9B9C721C41BE68002E2B09 /* PBXContainerItemProxy */;
		};
		3D9B9C7E1C41BE68002E2B09 /* PBXTargetDependency */ = {
			isa = PBXTargetDependency;
			target = 3D9B9C5C1C41BE68002E2B09 /* OnTheMap */;
			targetProxy = 3D9B9C7D1C41BE68002E2B09 /* PBXContainerItemProxy */;
		};
/* End PBXTargetDependency section */

/* Begin PBXVariantGroup section */
		3D9B9C641C41BE68002E2B09 /* Main.storyboard */ = {
			isa = PBXVariantGroup;
			children = (
				3D9B9C651C41BE68002E2B09 /* Base */,
			);
			name = Main.storyboard;
			sourceTree = "<group>";
		};
		3D9B9C691C41BE68002E2B09 /* LaunchScreen.storyboard */ = {
			isa = PBXVariantGroup;
			children = (
				3D9B9C6A1C41BE68002E2B09 /* Base */,
			);
			name = LaunchScreen.storyboard;
			sourceTree = "<group>";
		};
/* End PBXVariantGroup section */

/* Begin XCBuildConfiguration section */
		3D9B9C831C41BE68002E2B09 /* Debug */ = {
			isa = XCBuildConfiguration;
			buildSettings = {
				ALWAYS_SEARCH_USER_PATHS = NO;
				CLANG_CXX_LANGUAGE_STANDARD = "gnu++0x";
				CLANG_CXX_LIBRARY = "libc++";
				CLANG_ENABLE_MODULES = YES;
				CLANG_ENABLE_OBJC_ARC = YES;
				CLANG_WARN_BOOL_CONVERSION = YES;
				CLANG_WARN_CONSTANT_CONVERSION = YES;
				CLANG_WARN_DIRECT_OBJC_ISA_USAGE = YES_ERROR;
				CLANG_WARN_EMPTY_BODY = YES;
				CLANG_WARN_ENUM_CONVERSION = YES;
				CLANG_WARN_INT_CONVERSION = YES;
				CLANG_WARN_OBJC_ROOT_CLASS = YES_ERROR;
				CLANG_WARN_UNREACHABLE_CODE = YES;
				CLANG_WARN__DUPLICATE_METHOD_MATCH = YES;
				"CODE_SIGN_IDENTITY[sdk=iphoneos*]" = "iPhone Developer";
				COPY_PHASE_STRIP = NO;
				DEBUG_INFORMATION_FORMAT = dwarf;
				ENABLE_STRICT_OBJC_MSGSEND = YES;
				ENABLE_TESTABILITY = YES;
				GCC_C_LANGUAGE_STANDARD = gnu99;
				GCC_DYNAMIC_NO_PIC = NO;
				GCC_NO_COMMON_BLOCKS = YES;
				GCC_OPTIMIZATION_LEVEL = 0;
				GCC_PREPROCESSOR_DEFINITIONS = (
					"DEBUG=1",
					"$(inherited)",
				);
				GCC_WARN_64_TO_32_BIT_CONVERSION = YES;
				GCC_WARN_ABOUT_RETURN_TYPE = YES_ERROR;
				GCC_WARN_UNDECLARED_SELECTOR = YES;
				GCC_WARN_UNINITIALIZED_AUTOS = YES_AGGRESSIVE;
				GCC_WARN_UNUSED_FUNCTION = YES;
				GCC_WARN_UNUSED_VARIABLE = YES;
				IPHONEOS_DEPLOYMENT_TARGET = 9.2;
				MTL_ENABLE_DEBUG_INFO = YES;
				ONLY_ACTIVE_ARCH = YES;
				SDKROOT = iphoneos;
				SWIFT_OPTIMIZATION_LEVEL = "-Onone";
			};
			name = Debug;
		};
		3D9B9C841C41BE68002E2B09 /* Release */ = {
			isa = XCBuildConfiguration;
			buildSettings = {
				ALWAYS_SEARCH_USER_PATHS = NO;
				CLANG_CXX_LANGUAGE_STANDARD = "gnu++0x";
				CLANG_CXX_LIBRARY = "libc++";
				CLANG_ENABLE_MODULES = YES;
				CLANG_ENABLE_OBJC_ARC = YES;
				CLANG_WARN_BOOL_CONVERSION = YES;
				CLANG_WARN_CONSTANT_CONVERSION = YES;
				CLANG_WARN_DIRECT_OBJC_ISA_USAGE = YES_ERROR;
				CLANG_WARN_EMPTY_BODY = YES;
				CLANG_WARN_ENUM_CONVERSION = YES;
				CLANG_WARN_INT_CONVERSION = YES;
				CLANG_WARN_OBJC_ROOT_CLASS = YES_ERROR;
				CLANG_WARN_UNREACHABLE_CODE = YES;
				CLANG_WARN__DUPLICATE_METHOD_MATCH = YES;
				"CODE_SIGN_IDENTITY[sdk=iphoneos*]" = "iPhone Developer";
				COPY_PHASE_STRIP = NO;
				DEBUG_INFORMATION_FORMAT = "dwarf-with-dsym";
				ENABLE_NS_ASSERTIONS = NO;
				ENABLE_STRICT_OBJC_MSGSEND = YES;
				GCC_C_LANGUAGE_STANDARD = gnu99;
				GCC_NO_COMMON_BLOCKS = YES;
				GCC_WARN_64_TO_32_BIT_CONVERSION = YES;
				GCC_WARN_ABOUT_RETURN_TYPE = YES_ERROR;
				GCC_WARN_UNDECLARED_SELECTOR = YES;
				GCC_WARN_UNINITIALIZED_AUTOS = YES_AGGRESSIVE;
				GCC_WARN_UNUSED_FUNCTION = YES;
				GCC_WARN_UNUSED_VARIABLE = YES;
				IPHONEOS_DEPLOYMENT_TARGET = 9.2;
				MTL_ENABLE_DEBUG_INFO = NO;
				SDKROOT = iphoneos;
				VALIDATE_PRODUCT = YES;
			};
			name = Release;
		};
		3D9B9C861C41BE68002E2B09 /* Debug */ = {
			isa = XCBuildConfiguration;
			buildSettings = {
				ASSETCATALOG_COMPILER_APPICON_NAME = AppIcon;
				FRAMEWORK_SEARCH_PATHS = (
					"$(inherited)",
					"$(PROJECT_DIR)/OnTheMap",
				);
				INFOPLIST_FILE = OnTheMap/Info.plist;
				LD_RUNPATH_SEARCH_PATHS = "$(inherited) @executable_path/Frameworks";
				PRODUCT_BUNDLE_IDENTIFIER = com.gasqui.OnTheMap;
				PRODUCT_NAME = "$(TARGET_NAME)";
			};
			name = Debug;
		};
		3D9B9C871C41BE68002E2B09 /* Release */ = {
			isa = XCBuildConfiguration;
			buildSettings = {
				ASSETCATALOG_COMPILER_APPICON_NAME = AppIcon;
				FRAMEWORK_SEARCH_PATHS = (
					"$(inherited)",
					"$(PROJECT_DIR)/OnTheMap",
				);
				INFOPLIST_FILE = OnTheMap/Info.plist;
				LD_RUNPATH_SEARCH_PATHS = "$(inherited) @executable_path/Frameworks";
				PRODUCT_BUNDLE_IDENTIFIER = com.gasqui.OnTheMap;
				PRODUCT_NAME = "$(TARGET_NAME)";
			};
			name = Release;
		};
		3D9B9C891C41BE68002E2B09 /* Debug */ = {
			isa = XCBuildConfiguration;
			buildSettings = {
				BUNDLE_LOADER = "$(TEST_HOST)";
				INFOPLIST_FILE = OnTheMapTests/Info.plist;
				LD_RUNPATH_SEARCH_PATHS = "$(inherited) @executable_path/Frameworks @loader_path/Frameworks";
				PRODUCT_BUNDLE_IDENTIFIER = com.gasqui.OnTheMapTests;
				PRODUCT_NAME = "$(TARGET_NAME)";
				TEST_HOST = "$(BUILT_PRODUCTS_DIR)/OnTheMap.app/OnTheMap";
			};
			name = Debug;
		};
		3D9B9C8A1C41BE68002E2B09 /* Release */ = {
			isa = XCBuildConfiguration;
			buildSettings = {
				BUNDLE_LOADER = "$(TEST_HOST)";
				INFOPLIST_FILE = OnTheMapTests/Info.plist;
				LD_RUNPATH_SEARCH_PATHS = "$(inherited) @executable_path/Frameworks @loader_path/Frameworks";
				PRODUCT_BUNDLE_IDENTIFIER = com.gasqui.OnTheMapTests;
				PRODUCT_NAME = "$(TARGET_NAME)";
				TEST_HOST = "$(BUILT_PRODUCTS_DIR)/OnTheMap.app/OnTheMap";
			};
			name = Release;
		};
		3D9B9C8C1C41BE68002E2B09 /* Debug */ = {
			isa = XCBuildConfiguration;
			buildSettings = {
				INFOPLIST_FILE = OnTheMapUITests/Info.plist;
				LD_RUNPATH_SEARCH_PATHS = "$(inherited) @executable_path/Frameworks @loader_path/Frameworks";
				PRODUCT_BUNDLE_IDENTIFIER = com.gasqui.OnTheMapUITests;
				PRODUCT_NAME = "$(TARGET_NAME)";
				TEST_TARGET_NAME = OnTheMap;
				USES_XCTRUNNER = YES;
			};
			name = Debug;
		};
		3D9B9C8D1C41BE68002E2B09 /* Release */ = {
			isa = XCBuildConfiguration;
			buildSettings = {
				INFOPLIST_FILE = OnTheMapUITests/Info.plist;
				LD_RUNPATH_SEARCH_PATHS = "$(inherited) @executable_path/Frameworks @loader_path/Frameworks";
				PRODUCT_BUNDLE_IDENTIFIER = com.gasqui.OnTheMapUITests;
				PRODUCT_NAME = "$(TARGET_NAME)";
				TEST_TARGET_NAME = OnTheMap;
				USES_XCTRUNNER = YES;
			};
			name = Release;
		};
/* End XCBuildConfiguration section */

/* Begin XCConfigurationList section */
		3D9B9C581C41BE68002E2B09 /* Build configuration list for PBXProject "OnTheMap" */ = {
			isa = XCConfigurationList;
			buildConfigurations = (
				3D9B9C831C41BE68002E2B09 /* Debug */,
				3D9B9C841C41BE68002E2B09 /* Release */,
			);
			defaultConfigurationIsVisible = 0;
			defaultConfigurationName = Release;
		};
		3D9B9C851C41BE68002E2B09 /* Build configuration list for PBXNativeTarget "OnTheMap" */ = {
			isa = XCConfigurationList;
			buildConfigurations = (
				3D9B9C861C41BE68002E2B09 /* Debug */,
				3D9B9C871C41BE68002E2B09 /* Release */,
			);
			defaultConfigurationIsVisible = 0;
			defaultConfigurationName = Release;
		};
		3D9B9C881C41BE68002E2B09 /* Build configuration list for PBXNativeTarget "OnTheMapTests" */ = {
			isa = XCConfigurationList;
			buildConfigurations = (
				3D9B9C891C41BE68002E2B09 /* Debug */,
				3D9B9C8A1C41BE68002E2B09 /* Release */,
			);
			defaultConfigurationIsVisible = 0;
			defaultConfigurationName = Release;
		};
		3D9B9C8B1C41BE68002E2B09 /* Build configuration list for PBXNativeTarget "OnTheMapUITests" */ = {
			isa = XCConfigurationList;
			buildConfigurations = (
				3D9B9C8C1C41BE68002E2B09 /* Debug */,
				3D9B9C8D1C41BE68002E2B09 /* Release */,
			);
			defaultConfigurationIsVisible = 0;
			defaultConfigurationName = Release;
		};
/* End XCConfigurationList section */
	};
	rootObject = 3D9B9C551C41BE68002E2B09 /* Project object */;
}
